
Microsoft Visual Studio Solution File, Format Version 12.00
# Visual Studio 2013
VisualStudioVersion = 12.0.31101.0
MinimumVisualStudioVersion = 10.0.40219.1
Project("{8BC9CEB8-8B4A-11D0-8D11-00A0C91BC942}") = "FirstProject", "Source\FirstProject\FirstProject.vcxproj", "{B9AF84E1-714D-4F25-98BB-CDB8E455CE3D}"
	ProjectSection(ProjectDependencies) = postProject
		{1EC00E34-E016-4EB4-BF7D-B5B7E101AE57} = {1EC00E34-E016-4EB4-BF7D-B5B7E101AE57}
		{E106ACD7-4E53-4AEE-942B-D0DD426DB34E} = {E106ACD7-4E53-4AEE-942B-D0DD426DB34E}
	EndProjectSection
EndProject
Project("{8BC9CEB8-8B4A-11D0-8D11-00A0C91BC942}") = "Sockets", "Source\Sockets\Project.net\Sockets\Sockets.vcxproj", "{1EC00E34-E016-4EB4-BF7D-B5B7E101AE57}"
EndProject
Project("{8BC9CEB8-8B4A-11D0-8D11-00A0C91BC942}") = "DuiLib", "Source\DuiLib\DuiLib.vcxproj", "{E106ACD7-4E53-4AEE-942B-D0DD426DB34E}"
EndProject
Global
	GlobalSection(SolutionConfigurationPlatforms) = preSolution
		Debug|Win32 = Debug|Win32
		Release|Win32 = Release|Win32
		UnicodeDebug|Win32 = UnicodeDebug|Win32
		UnicodeRelease|Win32 = UnicodeRelease|Win32
	EndGlobalSection
	GlobalSection(ProjectConfigurationPlatforms) = postSolution
		{B9AF84E1-714D-4F25-98BB-CDB8E455CE3D}.Debug|Win32.ActiveCfg = Debug|Win32
		{B9AF84E1-714D-4F25-98BB-CDB8E455CE3D}.Debug|Win32.Build.0 = Debug|Win32
		{B9AF84E1-714D-4F25-98BB-CDB8E455CE3D}.Release|Win32.ActiveCfg = Release|Win32
		{B9AF84E1-714D-4F25-98BB-CDB8E455CE3D}.Release|Win32.Build.0 = Release|Win32
		{B9AF84E1-714D-4F25-98BB-CDB8E455CE3D}.UnicodeDebug|Win32.ActiveCfg = Debug|Win32
		{B9AF84E1-714D-4F25-98BB-CDB8E455CE3D}.UnicodeDebug|Win32.Build.0 = Debug|Win32
		{B9AF84E1-714D-4F25-98BB-CDB8E455CE3D}.UnicodeRelease|Win32.ActiveCfg = Release|Win32
		{B9AF84E1-714D-4F25-98BB-CDB8E455CE3D}.UnicodeRelease|Win32.Build.0 = Release|Win32
		{1EC00E34-E016-4EB4-BF7D-B5B7E101AE57}.Debug|Win32.ActiveCfg = Debug|Win32
		{1EC00E34-E016-4EB4-BF7D-B5B7E101AE57}.Debug|Win32.Build.0 = Debug|Win32
		{1EC00E34-E016-4EB4-BF7D-B5B7E101AE57}.Release|Win32.ActiveCfg = Release|Win32
		{1EC00E34-E016-4EB4-BF7D-B5B7E101AE57}.Release|Win32.Build.0 = Release|Win32
		{1EC00E34-E016-4EB4-BF7D-B5B7E101AE57}.UnicodeDebug|Win32.ActiveCfg = Debug|Win32
		{1EC00E34-E016-4EB4-BF7D-B5B7E101AE57}.UnicodeDebug|Win32.Build.0 = Debug|Win32
		{1EC00E34-E016-4EB4-BF7D-B5B7E101AE57}.UnicodeRelease|Win32.ActiveCfg = Release|Win32
		{1EC00E34-E016-4EB4-BF7D-B5B7E101AE57}.UnicodeRelease|Win32.Build.0 = Release|Win32
		{E106ACD7-4E53-4AEE-942B-D0DD426DB34E}.Debug|Win32.ActiveCfg = Debug|Win32
		{E106ACD7-4E53-4AEE-942B-D0DD426DB34E}.Debug|Win32.Build.0 = Debug|Win32
		{E106ACD7-4E53-4AEE-942B-D0DD426DB34E}.Release|Win32.ActiveCfg = Release|Win32
		{E106ACD7-4E53-4AEE-942B-D0DD426DB34E}.Release|Win32.Build.0 = Release|Win32
		{E106ACD7-4E53-4AEE-942B-D0DD426DB34E}.UnicodeDebug|Win32.ActiveCfg = UnicodeDebug|Win32
		{E106ACD7-4E53-4AEE-942B-D0DD426DB34E}.UnicodeDebug|Win32.Build.0 = UnicodeDebug|Win32
		{E106ACD7-4E53-4AEE-942B-D0DD426DB34E}.UnicodeRelease|Win32.ActiveCfg = UnicodeRelease|Win32
		{E106ACD7-4E53-4AEE-942B-D0DD426DB34E}.UnicodeRelease|Win32.Build.0 = UnicodeRelease|Win32
	EndGlobalSection
	GlobalSection(SolutionProperties) = preSolution
		HideSolutionNode = FALSE
	EndGlobalSection
EndGlobal
